// !$*UTF8*$!
{
	archiveVersion = 1;
	classes = {
	};
	objectVersion = 56;
	objects = {

/* Begin PBXBuildFile section */
		33474B522A4DD2950075561A /* gridotApp.swift in Sources */ = {isa = PBXBuildFile; fileRef = 33474B512A4DD2950075561A /* gridotApp.swift */; };
		33474B542A4DD2950075561A /* ContentView.swift in Sources */ = {isa = PBXBuildFile; fileRef = 33474B532A4DD2950075561A /* ContentView.swift */; };
		33474B562A4DD29B0075561A /* Assets.xcassets in Resources */ = {isa = PBXBuildFile; fileRef = 33474B552A4DD29B0075561A /* Assets.xcassets */; };
		33474B5A2A4DD29B0075561A /* Preview Assets.xcassets in Resources */ = {isa = PBXBuildFile; fileRef = 33474B592A4DD29B0075561A /* Preview Assets.xcassets */; };
		33474B642A4DD29C0075561A /* gridotTests.swift in Sources */ = {isa = PBXBuildFile; fileRef = 33474B632A4DD29C0075561A /* gridotTests.swift */; };
		33474B6E2A4DD29C0075561A /* gridotUITests.swift in Sources */ = {isa = PBXBuildFile; fileRef = 33474B6D2A4DD29C0075561A /* gridotUITests.swift */; };
		33474B702A4DD29C0075561A /* gridotUITestsLaunchTests.swift in Sources */ = {isa = PBXBuildFile; fileRef = 33474B6F2A4DD29C0075561A /* gridotUITestsLaunchTests.swift */; };
/* End PBXBuildFile section */

/* Begin PBXContainerItemProxy section */
		33474B602A4DD29C0075561A /* PBXContainerItemProxy */ = {
			isa = PBXContainerItemProxy;
			containerPortal = 33474B462A4DD2950075561A /* Project object */;
			proxyType = 1;
			remoteGlobalIDString = 33474B4D2A4DD2950075561A;
			remoteInfo = gridot;
		};
		33474B6A2A4DD29C0075561A /* PBXContainerItemProxy */ = {
			isa = PBXContainerItemProxy;
			containerPortal = 33474B462A4DD2950075561A /* Project object */;
			proxyType = 1;
			remoteGlobalIDString = 33474B4D2A4DD2950075561A;
			remoteInfo = gridot;
		};
/* End PBXContainerItemProxy section */

/* Begin PBXFileReference section */
		33474B4E2A4DD2950075561A /* gridot.app */ = {isa = PBXFileReference; explicitFileType = wrapper.application; includeInIndex = 0; path = gridot.app; sourceTree = BUILT_PRODUCTS_DIR; };
		33474B512A4DD2950075561A /* gridotApp.swift */ = {isa = PBXFileReference; lastKnownFileType = sourcecode.swift; path = gridotApp.swift; sourceTree = "<group>"; };
		33474B532A4DD2950075561A /* ContentView.swift */ = {isa = PBXFileReference; lastKnownFileType = sourcecode.swift; path = ContentView.swift; sourceTree = "<group>"; };
		33474B552A4DD29B0075561A /* Assets.xcassets */ = {isa = PBXFileReference; lastKnownFileType = folder.assetcatalog; path = Assets.xcassets; sourceTree = "<group>"; };
		33474B572A4DD29B0075561A /* gridot.entitlements */ = {isa = PBXFileReference; lastKnownFileType = text.plist.entitlements; path = gridot.entitlements; sourceTree = "<group>"; };
		33474B592A4DD29B0075561A /* Preview Assets.xcassets */ = {isa = PBXFileReference; lastKnownFileType = folder.assetcatalog; path = "Preview Assets.xcassets"; sourceTree = "<group>"; };
		33474B5F2A4DD29C0075561A /* gridotTests.xctest */ = {isa = PBXFileReference; explicitFileType = wrapper.cfbundle; includeInIndex = 0; path = gridotTests.xctest; sourceTree = BUILT_PRODUCTS_DIR; };
		33474B632A4DD29C0075561A /* gridotTests.swift */ = {isa = PBXFileReference; lastKnownFileType = sourcecode.swift; path = gridotTests.swift; sourceTree = "<group>"; };
		33474B692A4DD29C0075561A /* gridotUITests.xctest */ = {isa = PBXFileReference; explicitFileType = wrapper.cfbundle; includeInIndex = 0; path = gridotUITests.xctest; sourceTree = BUILT_PRODUCTS_DIR; };
		33474B6D2A4DD29C0075561A /* gridotUITests.swift */ = {isa = PBXFileReference; lastKnownFileType = sourcecode.swift; path = gridotUITests.swift; sourceTree = "<group>"; };
		33474B6F2A4DD29C0075561A /* gridotUITestsLaunchTests.swift */ = {isa = PBXFileReference; lastKnownFileType = sourcecode.swift; path = gridotUITestsLaunchTests.swift; sourceTree = "<group>"; };
/* End PBXFileReference section */

/* Begin PBXFrameworksBuildPhase section */
		33474B4B2A4DD2950075561A /* Frameworks */ = {
			isa = PBXFrameworksBuildPhase;
			buildActionMask = 2147483647;
			files = (
			);
			runOnlyForDeploymentPostprocessing = 0;
		};
		33474B5C2A4DD29C0075561A /* Frameworks */ = {
			isa = PBXFrameworksBuildPhase;
			buildActionMask = 2147483647;
			files = (
			);
			runOnlyForDeploymentPostprocessing = 0;
		};
		33474B662A4DD29C0075561A /* Frameworks */ = {
			isa = PBXFrameworksBuildPhase;
			buildActionMask = 2147483647;
			files = (
			);
			runOnlyForDeploymentPostprocessing = 0;
		};
/* End PBXFrameworksBuildPhase section */

/* Begin PBXGroup section */
		33474B452A4DD2950075561A = {
			isa = PBXGroup;
			children = (
				33474B502A4DD2950075561A /* gridot */,
				33474B622A4DD29C0075561A /* gridotTests */,
				33474B6C2A4DD29C0075561A /* gridotUITests */,
				33474B4F2A4DD2950075561A /* Products */,
			);
			sourceTree = "<group>";
		};
		33474B4F2A4DD2950075561A /* Products */ = {
			isa = PBXGroup;
			children = (
				33474B4E2A4DD2950075561A /* gridot.app */,
				33474B5F2A4DD29C0075561A /* gridotTests.xctest */,
				33474B692A4DD29C0075561A /* gridotUITests.xctest */,
			);
			name = Products;
			sourceTree = "<group>";
		};
		33474B502A4DD2950075561A /* gridot */ = {
			isa = PBXGroup;
			children = (
				33474B512A4DD2950075561A /* gridotApp.swift */,
				33474B532A4DD2950075561A /* ContentView.swift */,
				33474B552A4DD29B0075561A /* Assets.xcassets */,
				33474B572A4DD29B0075561A /* gridot.entitlements */,
				33474B582A4DD29B0075561A /* Preview Content */,
			);
			path = gridot;
			sourceTree = "<group>";
		};
		33474B582A4DD29B0075561A /* Preview Content */ = {
			isa = PBXGroup;
			children = (
				33474B592A4DD29B0075561A /* Preview Assets.xcassets */,
			);
			path = "Preview Content";
			sourceTree = "<group>";
		};
		33474B622A4DD29C0075561A /* gridotTests */ = {
			isa = PBXGroup;
			children = (
				33474B632A4DD29C0075561A /* gridotTests.swift */,
			);
			path = gridotTests;
			sourceTree = "<group>";
		};
		33474B6C2A4DD29C0075561A /* gridotUITests */ = {
			isa = PBXGroup;
			children = (
				33474B6D2A4DD29C0075561A /* gridotUITests.swift */,
				33474B6F2A4DD29C0075561A /* gridotUITestsLaunchTests.swift */,
			);
			path = gridotUITests;
			sourceTree = "<group>";
		};
/* End PBXGroup section */

/* Begin PBXNativeTarget section */
		33474B4D2A4DD2950075561A /* gridot */ = {
			isa = PBXNativeTarget;
			buildConfigurationList = 33474B732A4DD29C0075561A /* Build configuration list for PBXNativeTarget "gridot" */;
			buildPhases = (
				33474B4A2A4DD2950075561A /* Sources */,
				33474B4B2A4DD2950075561A /* Frameworks */,
				33474B4C2A4DD2950075561A /* Resources */,
			);
			buildRules = (
			);
			dependencies = (
			);
			name = gridot;
			productName = gridot;
			productReference = 33474B4E2A4DD2950075561A /* gridot.app */;
			productType = "com.apple.product-type.application";
		};
		33474B5E2A4DD29C0075561A /* gridotTests */ = {
			isa = PBXNativeTarget;
			buildConfigurationList = 33474B762A4DD29C0075561A /* Build configuration list for PBXNativeTarget "gridotTests" */;
			buildPhases = (
				33474B5B2A4DD29C0075561A /* Sources */,
				33474B5C2A4DD29C0075561A /* Frameworks */,
				33474B5D2A4DD29C0075561A /* Resources */,
			);
			buildRules = (
			);
			dependencies = (
				33474B612A4DD29C0075561A /* PBXTargetDependency */,
			);
			name = gridotTests;
			productName = gridotTests;
			productReference = 33474B5F2A4DD29C0075561A /* gridotTests.xctest */;
			productType = "com.apple.product-type.bundle.unit-test";
		};
		33474B682A4DD29C0075561A /* gridotUITests */ = {
			isa = PBXNativeTarget;
			buildConfigurationList = 33474B792A4DD29C0075561A /* Build configuration list for PBXNativeTarget "gridotUITests" */;
			buildPhases = (
				33474B652A4DD29C0075561A /* Sources */,
				33474B662A4DD29C0075561A /* Frameworks */,
				33474B672A4DD29C0075561A /* Resources */,
			);
			buildRules = (
			);
			dependencies = (
				33474B6B2A4DD29C0075561A /* PBXTargetDependency */,
			);
			name = gridotUITests;
			productName = gridotUITests;
			productReference = 33474B692A4DD29C0075561A /* gridotUITests.xctest */;
			productType = "com.apple.product-type.bundle.ui-testing";
		};
/* End PBXNativeTarget section */

/* Begin PBXProject section */
		33474B462A4DD2950075561A /* Project object */ = {
			isa = PBXProject;
			attributes = {
				BuildIndependentTargetsInParallel = 1;
				LastSwiftUpdateCheck = 1430;
				LastUpgradeCheck = 1430;
				TargetAttributes = {
					33474B4D2A4DD2950075561A = {
						CreatedOnToolsVersion = 14.3;
					};
					33474B5E2A4DD29C0075561A = {
						CreatedOnToolsVersion = 14.3;
						TestTargetID = 33474B4D2A4DD2950075561A;
					};
					33474B682A4DD29C0075561A = {
						CreatedOnToolsVersion = 14.3;
						TestTargetID = 33474B4D2A4DD2950075561A;
					};
				};
			};
			buildConfigurationList = 33474B492A4DD2950075561A /* Build configuration list for PBXProject "gridot" */;
			compatibilityVersion = "Xcode 14.0";
			developmentRegion = en;
			hasScannedForEncodings = 0;
			knownRegions = (
				en,
				Base,
			);
			mainGroup = 33474B452A4DD2950075561A;
			productRefGroup = 33474B4F2A4DD2950075561A /* Products */;
			projectDirPath = "";
			projectRoot = "";
			targets = (
				33474B4D2A4DD2950075561A /* gridot */,
				33474B5E2A4DD29C0075561A /* gridotTests */,
				33474B682A4DD29C0075561A /* gridotUITests */,
			);
		};
/* End PBXProject section */

/* Begin PBXResourcesBuildPhase section */
		33474B4C2A4DD2950075561A /* Resources */ = {
			isa = PBXResourcesBuildPhase;
			buildActionMask = 2147483647;
			files = (
				33474B5A2A4DD29B0075561A /* Preview Assets.xcassets in Resources */,
				33474B562A4DD29B0075561A /* Assets.xcassets in Resources */,
			);
			runOnlyForDeploymentPostprocessing = 0;
		};
		33474B5D2A4DD29C0075561A /* Resources */ = {
			isa = PBXResourcesBuildPhase;
			buildActionMask = 2147483647;
			files = (
			);
			runOnlyForDeploymentPostprocessing = 0;
		};
		33474B672A4DD29C0075561A /* Resources */ = {
			isa = PBXResourcesBuildPhase;
			buildActionMask = 2147483647;
			files = (
			);
			runOnlyForDeploymentPostprocessing = 0;
		};
/* End PBXResourcesBuildPhase section */

/* Begin PBXSourcesBuildPhase section */
		33474B4A2A4DD2950075561A /* Sources */ = {
			isa = PBXSourcesBuildPhase;
			buildActionMask = 2147483647;
			files = (
				33474B542A4DD2950075561A /* ContentView.swift in Sources */,
				33474B522A4DD2950075561A /* gridotApp.swift in Sources */,
			);
			runOnlyForDeploymentPostprocessing = 0;
		};
		33474B5B2A4DD29C0075561A /* Sources */ = {
			isa = PBXSourcesBuildPhase;
			buildActionMask = 2147483647;
			files = (
				33474B642A4DD29C0075561A /* gridotTests.swift in Sources */,
			);
			runOnlyForDeploymentPostprocessing = 0;
		};
		33474B652A4DD29C0075561A /* Sources */ = {
			isa = PBXSourcesBuildPhase;
			buildActionMask = 2147483647;
			files = (
				33474B6E2A4DD29C0075561A /* gridotUITests.swift in Sources */,
				33474B702A4DD29C0075561A /* gridotUITestsLaunchTests.swift in Sources */,
			);
			runOnlyForDeploymentPostprocessing = 0;
		};
/* End PBXSourcesBuildPhase section */

/* Begin PBXTargetDependency section */
		33474B612A4DD29C0075561A /* PBXTargetDependency */ = {
			isa = PBXTargetDependency;
			target = 33474B4D2A4DD2950075561A /* gridot */;
			targetProxy = 33474B602A4DD29C0075561A /* PBXContainerItemProxy */;
		};
		33474B6B2A4DD29C0075561A /* PBXTargetDependency */ = {
			isa = PBXTargetDependency;
			target = 33474B4D2A4DD2950075561A /* gridot */;
			targetProxy = 33474B6A2A4DD29C0075561A /* PBXContainerItemProxy */;
		};
/* End PBXTargetDependency section */

/* Begin XCBuildConfiguration section */
		33474B712A4DD29C0075561A /* Debug */ = {
			isa = XCBuildConfiguration;
			buildSettings = {
				ALWAYS_SEARCH_USER_PATHS = NO;
				CLANG_ANALYZER_NONNULL = YES;
				CLANG_ANALYZER_NUMBER_OBJECT_CONVERSION = YES_AGGRESSIVE;
				CLANG_CXX_LANGUAGE_STANDARD = "gnu++20";
				CLANG_ENABLE_MODULES = YES;
				CLANG_ENABLE_OBJC_ARC = YES;
				CLANG_ENABLE_OBJC_WEAK = YES;
				CLANG_WARN_BLOCK_CAPTURE_AUTORELEASING = YES;
				CLANG_WARN_BOOL_CONVERSION = YES;
				CLANG_WARN_COMMA = YES;
				CLANG_WARN_CONSTANT_CONVERSION = YES;
				CLANG_WARN_DEPRECATED_OBJC_IMPLEMENTATIONS = YES;
				CLANG_WARN_DIRECT_OBJC_ISA_USAGE = YES_ERROR;
				CLANG_WARN_DOCUMENTATION_COMMENTS = YES;
				CLANG_WARN_EMPTY_BODY = YES;
				CLANG_WARN_ENUM_CONVERSION = YES;
				CLANG_WARN_INFINITE_RECURSION = YES;
				CLANG_WARN_INT_CONVERSION = YES;
				CLANG_WARN_NON_LITERAL_NULL_CONVERSION = YES;
				CLANG_WARN_OBJC_IMPLICIT_RETAIN_SELF = YES;
				CLANG_WARN_OBJC_LITERAL_CONVERSION = YES;
				CLANG_WARN_OBJC_ROOT_CLASS = YES_ERROR;
				CLANG_WARN_QUOTED_INCLUDE_IN_FRAMEWORK_HEADER = YES;
				CLANG_WARN_RANGE_LOOP_ANALYSIS = YES;
				CLANG_WARN_STRICT_PROTOTYPES = YES;
				CLANG_WARN_SUSPICIOUS_MOVE = YES;
				CLANG_WARN_UNGUARDED_AVAILABILITY = YES_AGGRESSIVE;
				CLANG_WARN_UNREACHABLE_CODE = YES;
				CLANG_WARN__DUPLICATE_METHOD_MATCH = YES;
				COPY_PHASE_STRIP = NO;
				DEBUG_INFORMATION_FORMAT = dwarf;
				ENABLE_STRICT_OBJC_MSGSEND = YES;
				ENABLE_TESTABILITY = YES;
				GCC_C_LANGUAGE_STANDARD = gnu11;
				GCC_DYNAMIC_NO_PIC = NO;
				GCC_NO_COMMON_BLOCKS = YES;
				GCC_OPTIMIZATION_LEVEL = 0;
				GCC_PREPROCESSOR_DEFINITIONS = (
					"DEBUG=1",
					"$(inherited)",
				);
				GCC_WARN_64_TO_32_BIT_CONVERSION = YES;
				GCC_WARN_ABOUT_RETURN_TYPE = YES_ERROR;
				GCC_WARN_UNDECLARED_SELECTOR = YES;
				GCC_WARN_UNINITIALIZED_AUTOS = YES_AGGRESSIVE;
				GCC_WARN_UNUSED_FUNCTION = YES;
				GCC_WARN_UNUSED_VARIABLE = YES;
				MTL_ENABLE_DEBUG_INFO = INCLUDE_SOURCE;
				MTL_FAST_MATH = YES;
				ONLY_ACTIVE_ARCH = YES;
				SWIFT_ACTIVE_COMPILATION_CONDITIONS = DEBUG;
				SWIFT_OPTIMIZATION_LEVEL = "-Onone";
			};
			name = Debug;
		};
		33474B722A4DD29C0075561A /* Release */ = {
			isa = XCBuildConfiguration;
			buildSettings = {
				ALWAYS_SEARCH_USER_PATHS = NO;
				CLANG_ANALYZER_NONNULL = YES;
				CLANG_ANALYZER_NUMBER_OBJECT_CONVERSION = YES_AGGRESSIVE;
				CLANG_CXX_LANGUAGE_STANDARD = "gnu++20";
				CLANG_ENABLE_MODULES = YES;
				CLANG_ENABLE_OBJC_ARC = YES;
				CLANG_ENABLE_OBJC_WEAK = YES;
				CLANG_WARN_BLOCK_CAPTURE_AUTORELEASING = YES;
				CLANG_WARN_BOOL_CONVERSION = YES;
				CLANG_WARN_COMMA = YES;
				CLANG_WARN_CONSTANT_CONVERSION = YES;
				CLANG_WARN_DEPRECATED_OBJC_IMPLEMENTATIONS = YES;
				CLANG_WARN_DIRECT_OBJC_ISA_USAGE = YES_ERROR;
				CLANG_WARN_DOCUMENTATION_COMMENTS = YES;
				CLANG_WARN_EMPTY_BODY = YES;
				CLANG_WARN_ENUM_CONVERSION = YES;
				CLANG_WARN_INFINITE_RECURSION = YES;
				CLANG_WARN_INT_CONVERSION = YES;
				CLANG_WARN_NON_LITERAL_NULL_CONVERSION = YES;
				CLANG_WARN_OBJC_IMPLICIT_RETAIN_SELF = YES;
				CLANG_WARN_OBJC_LITERAL_CONVERSION = YES;
				CLANG_WARN_OBJC_ROOT_CLASS = YES_ERROR;
				CLANG_WARN_QUOTED_INCLUDE_IN_FRAMEWORK_HEADER = YES;
				CLANG_WARN_RANGE_LOOP_ANALYSIS = YES;
				CLANG_WARN_STRICT_PROTOTYPES = YES;
				CLANG_WARN_SUSPICIOUS_MOVE = YES;
				CLANG_WARN_UNGUARDED_AVAILABILITY = YES_AGGRESSIVE;
				CLANG_WARN_UNREACHABLE_CODE = YES;
				CLANG_WARN__DUPLICATE_METHOD_MATCH = YES;
				COPY_PHASE_STRIP = NO;
				DEBUG_INFORMATION_FORMAT = "dwarf-with-dsym";
				ENABLE_NS_ASSERTIONS = NO;
				ENABLE_STRICT_OBJC_MSGSEND = YES;
				GCC_C_LANGUAGE_STANDARD = gnu11;
				GCC_NO_COMMON_BLOCKS = YES;
				GCC_WARN_64_TO_32_BIT_CONVERSION = YES;
				GCC_WARN_ABOUT_RETURN_TYPE = YES_ERROR;
				GCC_WARN_UNDECLARED_SELECTOR = YES;
				GCC_WARN_UNINITIALIZED_AUTOS = YES_AGGRESSIVE;
				GCC_WARN_UNUSED_FUNCTION = YES;
				GCC_WARN_UNUSED_VARIABLE = YES;
				MTL_ENABLE_DEBUG_INFO = NO;
				MTL_FAST_MATH = YES;
				SWIFT_COMPILATION_MODE = wholemodule;
				SWIFT_OPTIMIZATION_LEVEL = "-O";
			};
			name = Release;
		};
		33474B742A4DD29C0075561A /* Debug */ = {
			isa = XCBuildConfiguration;
			buildSettings = {
				ASSETCATALOG_COMPILER_APPICON_NAME = AppIcon;
				ASSETCATALOG_COMPILER_GLOBAL_ACCENT_COLOR_NAME = AccentColor;
				CODE_SIGN_ENTITLEMENTS = gridot/gridot.entitlements;
				CODE_SIGN_STYLE = Automatic;
				CURRENT_PROJECT_VERSION = 1;
				DEVELOPMENT_ASSET_PATHS = "\"gridot/Preview Content\"";
				DEVELOPMENT_TEAM = 266AXC4DDD;
				ENABLE_HARDENED_RUNTIME = YES;
				ENABLE_PREVIEWS = YES;
				GENERATE_INFOPLIST_FILE = YES;
				"INFOPLIST_KEY_UIApplicationSceneManifest_Generation[sdk=iphoneos*]" = YES;
				"INFOPLIST_KEY_UIApplicationSceneManifest_Generation[sdk=iphonesimulator*]" = YES;
				"INFOPLIST_KEY_UIApplicationSupportsIndirectInputEvents[sdk=iphoneos*]" = YES;
				"INFOPLIST_KEY_UIApplicationSupportsIndirectInputEvents[sdk=iphonesimulator*]" = YES;
				"INFOPLIST_KEY_UILaunchScreen_Generation[sdk=iphoneos*]" = YES;
				"INFOPLIST_KEY_UILaunchScreen_Generation[sdk=iphonesimulator*]" = YES;
				"INFOPLIST_KEY_UIStatusBarStyle[sdk=iphoneos*]" = UIStatusBarStyleDefault;
				"INFOPLIST_KEY_UIStatusBarStyle[sdk=iphonesimulator*]" = UIStatusBarStyleDefault;
				INFOPLIST_KEY_UISupportedInterfaceOrientations_iPad = "UIInterfaceOrientationPortrait UIInterfaceOrientationPortraitUpsideDown UIInterfaceOrientationLandscapeLeft UIInterfaceOrientationLandscapeRight";
				INFOPLIST_KEY_UISupportedInterfaceOrientations_iPhone = "UIInterfaceOrientationPortrait UIInterfaceOrientationLandscapeLeft UIInterfaceOrientationLandscapeRight";
				IPHONEOS_DEPLOYMENT_TARGET = 16.4;
				LD_RUNPATH_SEARCH_PATHS = "@executable_path/Frameworks";
				"LD_RUNPATH_SEARCH_PATHS[sdk=macosx*]" = "@executable_path/../Frameworks";
				MACOSX_DEPLOYMENT_TARGET = 13.3;
				MARKETING_VERSION = 1.0;
				PRODUCT_BUNDLE_IDENTIFIER = park.gridot;
				PRODUCT_NAME = "$(TARGET_NAME)";
				SDKROOT = auto;
				SUPPORTED_PLATFORMS = "iphoneos iphonesimulator macosx";
				SWIFT_EMIT_LOC_STRINGS = YES;
				SWIFT_VERSION = 5.0;
				TARGETED_DEVICE_FAMILY = "1,2";
			};
			name = Debug;
		};
		33474B752A4DD29C0075561A /* Release */ = {
			isa = XCBuildConfiguration;
			buildSettings = {
				ASSETCATALOG_COMPILER_APPICON_NAME = AppIcon;
				ASSETCATALOG_COMPILER_GLOBAL_ACCENT_COLOR_NAME = AccentColor;
				CODE_SIGN_ENTITLEMENTS = gridot/gridot.entitlements;
				CODE_SIGN_STYLE = Automatic;
				CURRENT_PROJECT_VERSION = 1;
				DEVELOPMENT_ASSET_PATHS = "\"gridot/Preview Content\"";
				DEVELOPMENT_TEAM = 266AXC4DDD;
				ENABLE_HARDENED_RUNTIME = YES;
				ENABLE_PREVIEWS = YES;
				GENERATE_INFOPLIST_FILE = YES;
				"INFOPLIST_KEY_UIApplicationSceneManifest_Generation[sdk=iphoneos*]" = YES;
				"INFOPLIST_KEY_UIApplicationSceneManifest_Generation[sdk=iphonesimulator*]" = YES;
				"INFOPLIST_KEY_UIApplicationSupportsIndirectInputEvents[sdk=iphoneos*]" = YES;
				"INFOPLIST_KEY_UIApplicationSupportsIndirectInputEvents[sdk=iphonesimulator*]" = YES;
				"INFOPLIST_KEY_UILaunchScreen_Generation[sdk=iphoneos*]" = YES;
				"INFOPLIST_KEY_UILaunchScreen_Generation[sdk=iphonesimulator*]" = YES;
				"INFOPLIST_KEY_UIStatusBarStyle[sdk=iphoneos*]" = UIStatusBarStyleDefault;
				"INFOPLIST_KEY_UIStatusBarStyle[sdk=iphonesimulator*]" = UIStatusBarStyleDefault;
				INFOPLIST_KEY_UISupportedInterfaceOrientations_iPad = "UIInterfaceOrientationPortrait UIInterfaceOrientationPortraitUpsideDown UIInterfaceOrientationLandscapeLeft UIInterfaceOrientationLandscapeRight";
				INFOPLIST_KEY_UISupportedInterfaceOrientations_iPhone = "UIInterfaceOrientationPortrait UIInterfaceOrientationLandscapeLeft UIInterfaceOrientationLandscapeRight";
				IPHONEOS_DEPLOYMENT_TARGET = 16.4;
				LD_RUNPATH_SEARCH_PATHS = "@executable_path/Frameworks";
				"LD_RUNPATH_SEARCH_PATHS[sdk=macosx*]" = "@executable_path/../Frameworks";
				MACOSX_DEPLOYMENT_TARGET = 13.3;
				MARKETING_VERSION = 1.0;
				PRODUCT_BUNDLE_IDENTIFIER = park.gridot;
				PRODUCT_NAME = "$(TARGET_NAME)";
				SDKROOT = auto;
				SUPPORTED_PLATFORMS = "iphoneos iphonesimulator macosx";
				SWIFT_EMIT_LOC_STRINGS = YES;
				SWIFT_VERSION = 5.0;
				TARGETED_DEVICE_FAMILY = "1,2";
			};
			name = Release;
		};
		33474B772A4DD29C0075561A /* Debug */ = {
			isa = XCBuildConfiguration;
			buildSettings = {
				ALWAYS_EMBED_SWIFT_STANDARD_LIBRARIES = YES;
				BUNDLE_LOADER = "$(TEST_HOST)";
				CODE_SIGN_STYLE = Automatic;
				CURRENT_PROJECT_VERSION = 1;
				DEVELOPMENT_TEAM = 266AXC4DDD;
				GENERATE_INFOPLIST_FILE = YES;
				IPHONEOS_DEPLOYMENT_TARGET = 16.4;
				MACOSX_DEPLOYMENT_TARGET = 13.3;
				MARKETING_VERSION = 1.0;
				PRODUCT_BUNDLE_IDENTIFIER = park.gridotTests;
				PRODUCT_NAME = "$(TARGET_NAME)";
				SDKROOT = auto;
				SUPPORTED_PLATFORMS = "iphoneos iphonesimulator macosx";
				SWIFT_EMIT_LOC_STRINGS = NO;
				SWIFT_VERSION = 5.0;
				TARGETED_DEVICE_FAMILY = "1,2";
				TEST_HOST = "$(BUILT_PRODUCTS_DIR)/gridot.app/$(BUNDLE_EXECUTABLE_FOLDER_PATH)/gridot";
			};
			name = Debug;
		};
		33474B782A4DD29C0075561A /* Release */ = {
			isa = XCBuildConfiguration;
			buildSettings = {
				ALWAYS_EMBED_SWIFT_STANDARD_LIBRARIES = YES;
				BUNDLE_LOADER = "$(TEST_HOST)";
				CODE_SIGN_STYLE = Automatic;
				CURRENT_PROJECT_VERSION = 1;
				DEVELOPMENT_TEAM = 266AXC4DDD;
				GENERATE_INFOPLIST_FILE = YES;
				IPHONEOS_DEPLOYMENT_TARGET = 16.4;
				MACOSX_DEPLOYMENT_TARGET = 13.3;
				MARKETING_VERSION = 1.0;
				PRODUCT_BUNDLE_IDENTIFIER = park.gridotTests;
				PRODUCT_NAME = "$(TARGET_NAME)";
				SDKROOT = auto;
				SUPPORTED_PLATFORMS = "iphoneos iphonesimulator macosx";
				SWIFT_EMIT_LOC_STRINGS = NO;
				SWIFT_VERSION = 5.0;
				TARGETED_DEVICE_FAMILY = "1,2";
				TEST_HOST = "$(BUILT_PRODUCTS_DIR)/gridot.app/$(BUNDLE_EXECUTABLE_FOLDER_PATH)/gridot";
			};
			name = Release;
		};
		33474B7A2A4DD29C0075561A /* Debug */ = {
			isa = XCBuildConfiguration;
			buildSettings = {
				ALWAYS_EMBED_SWIFT_STANDARD_LIBRARIES = YES;
				CODE_SIGN_STYLE = Automatic;
				CURRENT_PROJECT_VERSION = 1;
				DEVELOPMENT_TEAM = 266AXC4DDD;
				GENERATE_INFOPLIST_FILE = YES;
				IPHONEOS_DEPLOYMENT_TARGET = 16.4;
				MACOSX_DEPLOYMENT_TARGET = 13.3;
				MARKETING_VERSION = 1.0;
				PRODUCT_BUNDLE_IDENTIFIER = park.gridotUITests;
				PRODUCT_NAME = "$(TARGET_NAME)";
				SDKROOT = auto;
				SUPPORTED_PLATFORMS = "iphoneos iphonesimulator macosx";
				SWIFT_EMIT_LOC_STRINGS = NO;
				SWIFT_VERSION = 5.0;
				TARGETED_DEVICE_FAMILY = "1,2";
				TEST_TARGET_NAME = gridot;
			};
			name = Debug;
		};
		33474B7B2A4DD29C0075561A /* Release */ = {
			isa = XCBuildConfiguration;
			buildSettings = {
				ALWAYS_EMBED_SWIFT_STANDARD_LIBRARIES = YES;
				CODE_SIGN_STYLE = Automatic;
				CURRENT_PROJECT_VERSION = 1;
				DEVELOPMENT_TEAM = 266AXC4DDD;
				GENERATE_INFOPLIST_FILE = YES;
				IPHONEOS_DEPLOYMENT_TARGET = 16.4;
				MACOSX_DEPLOYMENT_TARGET = 13.3;
				MARKETING_VERSION = 1.0;
				PRODUCT_BUNDLE_IDENTIFIER = park.gridotUITests;
				PRODUCT_NAME = "$(TARGET_NAME)";
				SDKROOT = auto;
				SUPPORTED_PLATFORMS = "iphoneos iphonesimulator macosx";
				SWIFT_EMIT_LOC_STRINGS = NO;
				SWIFT_VERSION = 5.0;
				TARGETED_DEVICE_FAMILY = "1,2";
				TEST_TARGET_NAME = gridot;
			};
			name = Release;
		};
/* End XCBuildConfiguration section */

/* Begin XCConfigurationList section */
		33474B492A4DD2950075561A /* Build configuration list for PBXProject "gridot" */ = {
			isa = XCConfigurationList;
			buildConfigurations = (
				33474B712A4DD29C0075561A /* Debug */,
				33474B722A4DD29C0075561A /* Release */,
			);
			defaultConfigurationIsVisible = 0;
			defaultConfigurationName = Release;
		};
		33474B732A4DD29C0075561A /* Build configuration list for PBXNativeTarget "gridot" */ = {
			isa = XCConfigurationList;
			buildConfigurations = (
				33474B742A4DD29C0075561A /* Debug */,
				33474B752A4DD29C0075561A /* Release */,
			);
			defaultConfigurationIsVisible = 0;
			defaultConfigurationName = Release;
		};
		33474B762A4DD29C0075561A /* Build configuration list for PBXNativeTarget "gridotTests" */ = {
			isa = XCConfigurationList;
			buildConfigurations = (
				33474B772A4DD29C0075561A /* Debug */,
				33474B782A4DD29C0075561A /* Release */,
			);
			defaultConfigurationIsVisible = 0;
			defaultConfigurationName = Release;
		};
		33474B792A4DD29C0075561A /* Build configuration list for PBXNativeTarget "gridotUITests" */ = {
			isa = XCConfigurationList;
			buildConfigurations = (
				33474B7A2A4DD29C0075561A /* Debug */,
				33474B7B2A4DD29C0075561A /* Release */,
			);
			defaultConfigurationIsVisible = 0;
			defaultConfigurationName = Release;
		};
/* End XCConfigurationList section */
	};
	rootObject = 33474B462A4DD2950075561A /* Project object */;
}
